{
  "name": "@isman/fireorm",
  "version": "0.6.0",
  "lockfileVersion": 1,
  "requires": true,
  "dependencies": {
    "@types/ramda": {
      "version": "0.26.21",
      "resolved": "https://registry.npmjs.org/@types/ramda/-/ramda-0.26.21.tgz",
      "integrity": "sha512-zMYtIZMceA6BvH+or6LmewLBgojbXg5+FGCwjO8K+Z+d/ZWxILmhhASXkehW0PqJL+V0QbyDeeAHix0dvEKXfQ==",
      "dev": true,
      "requires": {
        "ts-toolbelt": "^3.8.4"
      }
    },
    "ts-toolbelt": {
      "version": "3.10.0",
      "resolved": "https://registry.npmjs.org/ts-toolbelt/-/ts-toolbelt-3.10.0.tgz",
      "integrity": "sha512-bBuhxvS1ZUww3EwBooemUTargLP1EBgIcO221iTI0EjukHyHurnZckEHrpWA+P80JPp/2lvl4lv5bZN9P6AWUg==",
      "dev": true
    }
  }
}
